
Microsoft Visual Studio Solution File, Format Version 12.00
# Visual Studio Version 16
VisualStudioVersion = 16.0.32602.291
MinimumVisualStudioVersion = 10.0.40219.1
Project("{FAE04EC0-301F-11D3-BF4B-00C04F79EFBC}") = "ViktorWatches", "ViktorWatches.csproj", "{F08EFDD1-3900-4688-B050-3A74C4B32140}"
EndProject
Global
	GlobalSection(SolutionConfigurationPlatforms) = preSolution
		Debug|Any CPU = Debug|Any CPU
		Release|Any CPU = Release|Any CPU
	EndGlobalSection
	GlobalSection(ProjectConfigurationPlatforms) = postSolution
		{F08EFDD1-3900-4688-B050-3A74C4B32140}.Debug|Any CPU.ActiveCfg = Debug|Any CPU
		{F08EFDD1-3900-4688-B050-3A74C4B32140}.Debug|Any CPU.Build.0 = Debug|Any CPU
		{F08EFDD1-3900-4688-B050-3A74C4B32140}.Release|Any CPU.ActiveCfg = Release|Any CPU
		{F08EFDD1-3900-4688-B050-3A74C4B32140}.Release|Any CPU.Build.0 = Release|Any CPU
	EndGlobalSection
	GlobalSection(SolutionProperties) = preSolution
		HideSolutionNode = FALSE
	EndGlobalSection
	GlobalSection(ExtensibilityGlobals) = postSolution
		SolutionGuid = {A6E102BA-10D9-4FFB-83A6-F34AEB1D0140}
	EndGlobalSection
EndGlobal
